
Microsoft Visual Studio Solution File, Format Version 12.00
# Visual Studio Version 16
VisualStudioVersion = 16.0.30114.105
MinimumVisualStudioVersion = 10.0.40219.1
Project("{FAE04EC0-301F-11D3-BF4B-00C04F79EFBC}") = "ProEventos.Application", "ProEventos.Application\ProEventos.Application.csproj", "{FD840F25-36EE-4745-8084-E322BCD93E39}"
EndProject
Project("{FAE04EC0-301F-11D3-BF4B-00C04F79EFBC}") = "ProEventos.Domain", "ProEventos.Domain\ProEventos.Domain.csproj", "{5212A59E-4A4D-40CC-975E-60D90745AF83}"
EndProject
Project("{FAE04EC0-301F-11D3-BF4B-00C04F79EFBC}") = "ProEventos.Persistence", "ProEventos.Persistence\ProEventos.Persistence.csproj", "{E964921E-8A60-4B70-ACC2-7EC58A147F3E}"
EndProject
Project("{FAE04EC0-301F-11D3-BF4B-00C04F79EFBC}") = "ProEventos.API", "ProEventos.API\ProEventos.API.csproj", "{63B5EA92-B07D-4CB0-92EB-D9C3A4E5F27C}"
EndProject
Global
	GlobalSection(SolutionConfigurationPlatforms) = preSolution
		Debug|Any CPU = Debug|Any CPU
		Debug|x64 = Debug|x64
		Debug|x86 = Debug|x86
		Release|Any CPU = Release|Any CPU
		Release|x64 = Release|x64
		Release|x86 = Release|x86
	EndGlobalSection
	GlobalSection(SolutionProperties) = preSolution
		HideSolutionNode = FALSE
	EndGlobalSection
	GlobalSection(ProjectConfigurationPlatforms) = postSolution
		{FD840F25-36EE-4745-8084-E322BCD93E39}.Debug|Any CPU.ActiveCfg = Debug|Any CPU
		{FD840F25-36EE-4745-8084-E322BCD93E39}.Debug|Any CPU.Build.0 = Debug|Any CPU
		{FD840F25-36EE-4745-8084-E322BCD93E39}.Debug|x64.ActiveCfg = Debug|Any CPU
		{FD840F25-36EE-4745-8084-E322BCD93E39}.Debug|x64.Build.0 = Debug|Any CPU
		{FD840F25-36EE-4745-8084-E322BCD93E39}.Debug|x86.ActiveCfg = Debug|Any CPU
		{FD840F25-36EE-4745-8084-E322BCD93E39}.Debug|x86.Build.0 = Debug|Any CPU
		{FD840F25-36EE-4745-8084-E322BCD93E39}.Release|Any CPU.ActiveCfg = Release|Any CPU
		{FD840F25-36EE-4745-8084-E322BCD93E39}.Release|Any CPU.Build.0 = Release|Any CPU
		{FD840F25-36EE-4745-8084-E322BCD93E39}.Release|x64.ActiveCfg = Release|Any CPU
		{FD840F25-36EE-4745-8084-E322BCD93E39}.Release|x64.Build.0 = Release|Any CPU
		{FD840F25-36EE-4745-8084-E322BCD93E39}.Release|x86.ActiveCfg = Release|Any CPU
		{FD840F25-36EE-4745-8084-E322BCD93E39}.Release|x86.Build.0 = Release|Any CPU
		{5212A59E-4A4D-40CC-975E-60D90745AF83}.Debug|Any CPU.ActiveCfg = Debug|Any CPU
		{5212A59E-4A4D-40CC-975E-60D90745AF83}.Debug|Any CPU.Build.0 = Debug|Any CPU
		{5212A59E-4A4D-40CC-975E-60D90745AF83}.Debug|x64.ActiveCfg = Debug|Any CPU
		{5212A59E-4A4D-40CC-975E-60D90745AF83}.Debug|x64.Build.0 = Debug|Any CPU
		{5212A59E-4A4D-40CC-975E-60D90745AF83}.Debug|x86.ActiveCfg = Debug|Any CPU
		{5212A59E-4A4D-40CC-975E-60D90745AF83}.Debug|x86.Build.0 = Debug|Any CPU
		{5212A59E-4A4D-40CC-975E-60D90745AF83}.Release|Any CPU.ActiveCfg = Release|Any CPU
		{5212A59E-4A4D-40CC-975E-60D90745AF83}.Release|Any CPU.Build.0 = Release|Any CPU
		{5212A59E-4A4D-40CC-975E-60D90745AF83}.Release|x64.ActiveCfg = Release|Any CPU
		{5212A59E-4A4D-40CC-975E-60D90745AF83}.Release|x64.Build.0 = Release|Any CPU
		{5212A59E-4A4D-40CC-975E-60D90745AF83}.Release|x86.ActiveCfg = Release|Any CPU
		{5212A59E-4A4D-40CC-975E-60D90745AF83}.Release|x86.Build.0 = Release|Any CPU
		{E964921E-8A60-4B70-ACC2-7EC58A147F3E}.Debug|Any CPU.ActiveCfg = Debug|Any CPU
		{E964921E-8A60-4B70-ACC2-7EC58A147F3E}.Debug|Any CPU.Build.0 = Debug|Any CPU
		{E964921E-8A60-4B70-ACC2-7EC58A147F3E}.Debug|x64.ActiveCfg = Debug|Any CPU
		{E964921E-8A60-4B70-ACC2-7EC58A147F3E}.Debug|x64.Build.0 = Debug|Any CPU
		{E964921E-8A60-4B70-ACC2-7EC58A147F3E}.Debug|x86.ActiveCfg = Debug|Any CPU
		{E964921E-8A60-4B70-ACC2-7EC58A147F3E}.Debug|x86.Build.0 = Debug|Any CPU
		{E964921E-8A60-4B70-ACC2-7EC58A147F3E}.Release|Any CPU.ActiveCfg = Release|Any CPU
		{E964921E-8A60-4B70-ACC2-7EC58A147F3E}.Release|Any CPU.Build.0 = Release|Any CPU
		{E964921E-8A60-4B70-ACC2-7EC58A147F3E}.Release|x64.ActiveCfg = Release|Any CPU
		{E964921E-8A60-4B70-ACC2-7EC58A147F3E}.Release|x64.Build.0 = Release|Any CPU
		{E964921E-8A60-4B70-ACC2-7EC58A147F3E}.Release|x86.ActiveCfg = Release|Any CPU
		{E964921E-8A60-4B70-ACC2-7EC58A147F3E}.Release|x86.Build.0 = Release|Any CPU
		{63B5EA92-B07D-4CB0-92EB-D9C3A4E5F27C}.Debug|Any CPU.ActiveCfg = Debug|Any CPU
		{63B5EA92-B07D-4CB0-92EB-D9C3A4E5F27C}.Debug|Any CPU.Build.0 = Debug|Any CPU
		{63B5EA92-B07D-4CB0-92EB-D9C3A4E5F27C}.Debug|x64.ActiveCfg = Debug|Any CPU
		{63B5EA92-B07D-4CB0-92EB-D9C3A4E5F27C}.Debug|x64.Build.0 = Debug|Any CPU
		{63B5EA92-B07D-4CB0-92EB-D9C3A4E5F27C}.Debug|x86.ActiveCfg = Debug|Any CPU
		{63B5EA92-B07D-4CB0-92EB-D9C3A4E5F27C}.Debug|x86.Build.0 = Debug|Any CPU
		{63B5EA92-B07D-4CB0-92EB-D9C3A4E5F27C}.Release|Any CPU.ActiveCfg = Release|Any CPU
		{63B5EA92-B07D-4CB0-92EB-D9C3A4E5F27C}.Release|Any CPU.Build.0 = Release|Any CPU
		{63B5EA92-B07D-4CB0-92EB-D9C3A4E5F27C}.Release|x64.ActiveCfg = Release|Any CPU
		{63B5EA92-B07D-4CB0-92EB-D9C3A4E5F27C}.Release|x64.Build.0 = Release|Any CPU
		{63B5EA92-B07D-4CB0-92EB-D9C3A4E5F27C}.Release|x86.ActiveCfg = Release|Any CPU
		{63B5EA92-B07D-4CB0-92EB-D9C3A4E5F27C}.Release|x86.Build.0 = Release|Any CPU
	EndGlobalSection
EndGlobal
